
Microsoft Visual Studio Solution File, Format Version 12.00
# Visual Studio Version 16
VisualStudioVersion = 16.0.30907.101
MinimumVisualStudioVersion = 10.0.40219.1
Project("{FAE04EC0-301F-11D3-BF4B-00C04F79EFBC}") = "OnlineSalesProducts", "OnlineSalesProducts\OnlineSalesProducts.csproj", "{3116C8CB-4A47-41C1-88E3-8DEA23F89034}"
EndProject
Global
	GlobalSection(SolutionConfigurationPlatforms) = preSolution
		Debug|Any CPU = Debug|Any CPU
		Release|Any CPU = Release|Any CPU
	EndGlobalSection
	GlobalSection(ProjectConfigurationPlatforms) = postSolution
		{3116C8CB-4A47-41C1-88E3-8DEA23F89034}.Debug|Any CPU.ActiveCfg = Debug|Any CPU
		{3116C8CB-4A47-41C1-88E3-8DEA23F89034}.Debug|Any CPU.Build.0 = Debug|Any CPU
		{3116C8CB-4A47-41C1-88E3-8DEA23F89034}.Release|Any CPU.ActiveCfg = Release|Any CPU
		{3116C8CB-4A47-41C1-88E3-8DEA23F89034}.Release|Any CPU.Build.0 = Release|Any CPU
	EndGlobalSection
	GlobalSection(SolutionProperties) = preSolution
		HideSolutionNode = FALSE
	EndGlobalSection
	GlobalSection(ExtensibilityGlobals) = postSolution
		SolutionGuid = {20375975-EFD0-4550-9C07-FE40444D8698}
	EndGlobalSection
EndGlobal
